
Microsoft Visual Studio Solution File, Format Version 12.00
# Visual Studio Version 17
VisualStudioVersion = 17.13.35818.85 d17.13
MinimumVisualStudioVersion = 10.0.40219.1
Project("{FAE04EC0-301F-11D3-BF4B-00C04F79EFBC}") = "CleverensSoftTask3", "CleverensSoftTask3\CleverensSoftTask3.csproj", "{0C49AB0C-097A-461B-8EC0-34120A46D29E}"
EndProject
Global
	GlobalSection(SolutionConfigurationPlatforms) = preSolution
		Debug|Any CPU = Debug|Any CPU
		Release|Any CPU = Release|Any CPU
	EndGlobalSection
	GlobalSection(ProjectConfigurationPlatforms) = postSolution
		{0C49AB0C-097A-461B-8EC0-34120A46D29E}.Debug|Any CPU.ActiveCfg = Debug|Any CPU
		{0C49AB0C-097A-461B-8EC0-34120A46D29E}.Debug|Any CPU.Build.0 = Debug|Any CPU
		{0C49AB0C-097A-461B-8EC0-34120A46D29E}.Release|Any CPU.ActiveCfg = Release|Any CPU
		{0C49AB0C-097A-461B-8EC0-34120A46D29E}.Release|Any CPU.Build.0 = Release|Any CPU
	EndGlobalSection
	GlobalSection(SolutionProperties) = preSolution
		HideSolutionNode = FALSE
	EndGlobalSection
	GlobalSection(ExtensibilityGlobals) = postSolution
		SolutionGuid = {06BF2E20-7DAF-4EE1-AE12-185D80A77AEC}
	EndGlobalSection
EndGlobal
