
Microsoft Visual Studio Solution File, Format Version 12.00
# Visual Studio Version 17
VisualStudioVersion = 17.13.35818.85 d17.13
MinimumVisualStudioVersion = 10.0.40219.1
Project("{FAE04EC0-301F-11D3-BF4B-00C04F79EFBC}") = "CleverensSoftTask2", "CleverensSoftTask2\CleverensSoftTask2.csproj", "{4ACFB4CC-9421-4A4C-8138-5CB29D51F21D}"
EndProject
Global
	GlobalSection(SolutionConfigurationPlatforms) = preSolution
		Debug|Any CPU = Debug|Any CPU
		Release|Any CPU = Release|Any CPU
	EndGlobalSection
	GlobalSection(ProjectConfigurationPlatforms) = postSolution
		{4ACFB4CC-9421-4A4C-8138-5CB29D51F21D}.Debug|Any CPU.ActiveCfg = Debug|Any CPU
		{4ACFB4CC-9421-4A4C-8138-5CB29D51F21D}.Debug|Any CPU.Build.0 = Debug|Any CPU
		{4ACFB4CC-9421-4A4C-8138-5CB29D51F21D}.Release|Any CPU.ActiveCfg = Release|Any CPU
		{4ACFB4CC-9421-4A4C-8138-5CB29D51F21D}.Release|Any CPU.Build.0 = Release|Any CPU
	EndGlobalSection
	GlobalSection(SolutionProperties) = preSolution
		HideSolutionNode = FALSE
	EndGlobalSection
	GlobalSection(ExtensibilityGlobals) = postSolution
		SolutionGuid = {4CEE5AAC-2212-4A89-8F7A-86DA361660B8}
	EndGlobalSection
EndGlobal
